// !$*UTF8*$!
{
	archiveVersion = 1;
	classes = {
	};
	objectVersion = 46;
	objects = {

/* Begin PBXBuildFile section */
		853E408C1D82C13100532F17 /* HBUser.m in Sources */ = {isa = PBXBuildFile; fileRef = 853E408B1D82C13100532F17 /* HBUser.m */; };
		8564967D1DE53D96006A31CE /* Xtrace.mm in Sources */ = {isa = PBXBuildFile; fileRef = 8564967C1DE53D96006A31CE /* Xtrace.mm */; };
		B6D47AA61D69CCFC00569472 /* main.m in Sources */ = {isa = PBXBuildFile; fileRef = B6D47AA51D69CCFC00569472 /* main.m */; };
		B6D47AA91D69CCFC00569472 /* AppDelegate.m in Sources */ = {isa = PBXBuildFile; fileRef = B6D47AA81D69CCFC00569472 /* AppDelegate.m */; };
		B6D47AAC1D69CCFC00569472 /* ViewController.m in Sources */ = {isa = PBXBuildFile; fileRef = B6D47AAB1D69CCFC00569472 /* ViewController.m */; };
		B6D47AAF1D69CCFC00569472 /* Main.storyboard in Resources */ = {isa = PBXBuildFile; fileRef = B6D47AAD1D69CCFC00569472 /* Main.storyboard */; };
		B6D47AB11D69CCFC00569472 /* Assets.xcassets in Resources */ = {isa = PBXBuildFile; fileRef = B6D47AB01D69CCFC00569472 /* Assets.xcassets */; };
		B6D47AB41D69CCFC00569472 /* LaunchScreen.storyboard in Resources */ = {isa = PBXBuildFile; fileRef = B6D47AB21D69CCFC00569472 /* LaunchScreen.storyboard */; };
		B6D47ABD1D69D26700569472 /* GHIssue.m in Sources */ = {isa = PBXBuildFile; fileRef = B6D47ABC1D69D26700569472 /* GHIssue.m */; };
		B6D47AC01D69D2DB00569472 /* GHUser.m in Sources */ = {isa = PBXBuildFile; fileRef = B6D47ABF1D69D2DB00569472 /* GHUser.m */; };
		C65CB477075E0618E889AAF2 /* libPods-MantleDemo.a in Frameworks */ = {isa = PBXBuildFile; fileRef = 80EB98C9EA79845CD6864335 /* libPods-MantleDemo.a */; };
/* End PBXBuildFile section */

/* Begin PBXFileReference section */
		3DBB43B5E2BE9DDC8EDDA8F4 /* Pods-MantleDemo.debug.xcconfig */ = {isa = PBXFileReference; includeInIndex = 1; lastKnownFileType = text.xcconfig; name = "Pods-MantleDemo.debug.xcconfig"; path = "Pods/Target Support Files/Pods-MantleDemo/Pods-MantleDemo.debug.xcconfig"; sourceTree = "<group>"; };
		80EB98C9EA79845CD6864335 /* libPods-MantleDemo.a */ = {isa = PBXFileReference; explicitFileType = archive.ar; includeInIndex = 0; path = "libPods-MantleDemo.a"; sourceTree = BUILT_PRODUCTS_DIR; };
		853E408A1D82C13100532F17 /* HBUser.h */ = {isa = PBXFileReference; fileEncoding = 4; lastKnownFileType = sourcecode.c.h; path = HBUser.h; sourceTree = "<group>"; };
		853E408B1D82C13100532F17 /* HBUser.m */ = {isa = PBXFileReference; fileEncoding = 4; lastKnownFileType = sourcecode.c.objc; path = HBUser.m; sourceTree = "<group>"; };
		8564967B1DE53D96006A31CE /* Xtrace.h */ = {isa = PBXFileReference; fileEncoding = 4; lastKnownFileType = sourcecode.c.h; path = Xtrace.h; sourceTree = "<group>"; };
		8564967C1DE53D96006A31CE /* Xtrace.mm */ = {isa = PBXFileReference; fileEncoding = 4; lastKnownFileType = sourcecode.cpp.objcpp; path = Xtrace.mm; sourceTree = "<group>"; };
		894C54ACE07E711A9BF062D4 /* Pods-MantleDemo.release.xcconfig */ = {isa = PBXFileReference; includeInIndex = 1; lastKnownFileType = text.xcconfig; name = "Pods-MantleDemo.release.xcconfig"; path = "Pods/Target Support Files/Pods-MantleDemo/Pods-MantleDemo.release.xcconfig"; sourceTree = "<group>"; };
		B6D47AA11D69CCFC00569472 /* MantleDemo.app */ = {isa = PBXFileReference; explicitFileType = wrapper.application; includeInIndex = 0; path = MantleDemo.app; sourceTree = BUILT_PRODUCTS_DIR; };
		B6D47AA51D69CCFC00569472 /* main.m */ = {isa = PBXFileReference; lastKnownFileType = sourcecode.c.objc; path = main.m; sourceTree = "<group>"; };
		B6D47AA71D69CCFC00569472 /* AppDelegate.h */ = {isa = PBXFileReference; lastKnownFileType = sourcecode.c.h; path = AppDelegate.h; sourceTree = "<group>"; };
		B6D47AA81D69CCFC00569472 /* AppDelegate.m */ = {isa = PBXFileReference; lastKnownFileType = sourcecode.c.objc; path = AppDelegate.m; sourceTree = "<group>"; };
		B6D47AAA1D69CCFC00569472 /* ViewController.h */ = {isa = PBXFileReference; lastKnownFileType = sourcecode.c.h; path = ViewController.h; sourceTree = "<group>"; };
		B6D47AAB1D69CCFC00569472 /* ViewController.m */ = {isa = PBXFileReference; lastKnownFileType = sourcecode.c.objc; path = ViewController.m; sourceTree = "<group>"; };
		B6D47AAE1D69CCFC00569472 /* Base */ = {isa = PBXFileReference; lastKnownFileType = file.storyboard; name = Base; path = Base.lproj/Main.storyboard; sourceTree = "<group>"; };
		B6D47AB01D69CCFC00569472 /* Assets.xcassets */ = {isa = PBXFileReference; lastKnownFileType = folder.assetcatalog; path = Assets.xcassets; sourceTree = "<group>"; };
		B6D47AB31D69CCFC00569472 /* Base */ = {isa = PBXFileReference; lastKnownFileType = file.storyboard; name = Base; path = Base.lproj/LaunchScreen.storyboard; sourceTree = "<group>"; };
		B6D47AB51D69CCFC00569472 /* Info.plist */ = {isa = PBXFileReference; lastKnownFileType = text.plist.xml; path = Info.plist; sourceTree = "<group>"; };
		B6D47ABB1D69D26700569472 /* GHIssue.h */ = {isa = PBXFileReference; fileEncoding = 4; lastKnownFileType = sourcecode.c.h; path = GHIssue.h; sourceTree = "<group>"; };
		B6D47ABC1D69D26700569472 /* GHIssue.m */ = {isa = PBXFileReference; fileEncoding = 4; lastKnownFileType = sourcecode.c.objc; path = GHIssue.m; sourceTree = "<group>"; };
		B6D47ABE1D69D2DB00569472 /* GHUser.h */ = {isa = PBXFileReference; fileEncoding = 4; lastKnownFileType = sourcecode.c.h; path = GHUser.h; sourceTree = "<group>"; };
		B6D47ABF1D69D2DB00569472 /* GHUser.m */ = {isa = PBXFileReference; fileEncoding = 4; lastKnownFileType = sourcecode.c.objc; path = GHUser.m; sourceTree = "<group>"; };
/* End PBXFileReference section */

/* Begin PBXFrameworksBuildPhase section */
		B6D47A9E1D69CCFC00569472 /* Frameworks */ = {
			isa = PBXFrameworksBuildPhase;
			buildActionMask = 2147483647;
			files = (
				C65CB477075E0618E889AAF2 /* libPods-MantleDemo.a in Frameworks */,
			);
			runOnlyForDeploymentPostprocessing = 0;
		};
/* End PBXFrameworksBuildPhase section */

/* Begin PBXGroup section */
		8564967A1DE53D8C006A31CE /* Xtrace */ = {
			isa = PBXGroup;
			children = (
				8564967B1DE53D96006A31CE /* Xtrace.h */,
				8564967C1DE53D96006A31CE /* Xtrace.mm */,
			);
			path = Xtrace;
			sourceTree = "<group>";
		};
		A8677934EBE5155FEE4A19DF /* Pods */ = {
			isa = PBXGroup;
			children = (
				3DBB43B5E2BE9DDC8EDDA8F4 /* Pods-MantleDemo.debug.xcconfig */,
				894C54ACE07E711A9BF062D4 /* Pods-MantleDemo.release.xcconfig */,
			);
			name = Pods;
			sourceTree = "<group>";
		};
		B6D47A981D69CCFC00569472 = {
			isa = PBXGroup;
			children = (
				B6D47AA31D69CCFC00569472 /* MantleDemo */,
				B6D47AA21D69CCFC00569472 /* Products */,
				A8677934EBE5155FEE4A19DF /* Pods */,
				C5FE92AB78B37221E6192C0B /* Frameworks */,
			);
			sourceTree = "<group>";
		};
		B6D47AA21D69CCFC00569472 /* Products */ = {
			isa = PBXGroup;
			children = (
				B6D47AA11D69CCFC00569472 /* MantleDemo.app */,
			);
			name = Products;
			sourceTree = "<group>";
		};
		B6D47AA31D69CCFC00569472 /* MantleDemo */ = {
			isa = PBXGroup;
			children = (
				8564967A1DE53D8C006A31CE /* Xtrace */,
				B6D47AA71D69CCFC00569472 /* AppDelegate.h */,
				B6D47AA81D69CCFC00569472 /* AppDelegate.m */,
				B6D47AAA1D69CCFC00569472 /* ViewController.h */,
				B6D47AAB1D69CCFC00569472 /* ViewController.m */,
				B6D47ABB1D69D26700569472 /* GHIssue.h */,
				B6D47ABC1D69D26700569472 /* GHIssue.m */,
				B6D47ABE1D69D2DB00569472 /* GHUser.h */,
				B6D47ABF1D69D2DB00569472 /* GHUser.m */,
				853E408A1D82C13100532F17 /* HBUser.h */,
				853E408B1D82C13100532F17 /* HBUser.m */,
				B6D47AAD1D69CCFC00569472 /* Main.storyboard */,
				B6D47AB01D69CCFC00569472 /* Assets.xcassets */,
				B6D47AB21D69CCFC00569472 /* LaunchScreen.storyboard */,
				B6D47AB51D69CCFC00569472 /* Info.plist */,
				B6D47AA41D69CCFC00569472 /* Supporting Files */,
			);
			path = MantleDemo;
			sourceTree = "<group>";
		};
		B6D47AA41D69CCFC00569472 /* Supporting Files */ = {
			isa = PBXGroup;
			children = (
				B6D47AA51D69CCFC00569472 /* main.m */,
			);
			name = "Supporting Files";
			sourceTree = "<group>";
		};
		C5FE92AB78B37221E6192C0B /* Frameworks */ = {
			isa = PBXGroup;
			children = (
				80EB98C9EA79845CD6864335 /* libPods-MantleDemo.a */,
			);
			name = Frameworks;
			sourceTree = "<group>";
		};
/* End PBXGroup section */

/* Begin PBXNativeTarget section */
		B6D47AA01D69CCFC00569472 /* MantleDemo */ = {
			isa = PBXNativeTarget;
			buildConfigurationList = B6D47AB81D69CCFC00569472 /* Build configuration list for PBXNativeTarget "MantleDemo" */;
			buildPhases = (
				A087FABA0517142F27BD99B6 /* Check Pods Manifest.lock */,
				B6D47A9D1D69CCFC00569472 /* Sources */,
				B6D47A9E1D69CCFC00569472 /* Frameworks */,
				B6D47A9F1D69CCFC00569472 /* Resources */,
				0CE54D5C7C5FD364477C3CB2 /* Embed Pods Frameworks */,
				A93493764513A9A936420A90 /* Copy Pods Resources */,
			);
			buildRules = (
			);
			dependencies = (
			);
			name = MantleDemo;
			productName = MantleDemo;
			productReference = B6D47AA11D69CCFC00569472 /* MantleDemo.app */;
			productType = "com.apple.product-type.application";
		};
/* End PBXNativeTarget section */

/* Begin PBXProject section */
		B6D47A991D69CCFC00569472 /* Project object */ = {
			isa = PBXProject;
			attributes = {
				LastUpgradeCheck = 0720;
				ORGANIZATIONNAME = JunfengLi;
				TargetAttributes = {
					B6D47AA01D69CCFC00569472 = {
						CreatedOnToolsVersion = 7.2;
					};
				};
			};
			buildConfigurationList = B6D47A9C1D69CCFC00569472 /* Build configuration list for PBXProject "MantleDemo" */;
			compatibilityVersion = "Xcode 3.2";
			developmentRegion = English;
			hasScannedForEncodings = 0;
			knownRegions = (
				en,
				Base,
			);
			mainGroup = B6D47A981D69CCFC00569472;
			productRefGroup = B6D47AA21D69CCFC00569472 /* Products */;
			projectDirPath = "";
			projectRoot = "";
			targets = (
				B6D47AA01D69CCFC00569472 /* MantleDemo */,
			);
		};
/* End PBXProject section */

/* Begin PBXResourcesBuildPhase section */
		B6D47A9F1D69CCFC00569472 /* Resources */ = {
			isa = PBXResourcesBuildPhase;
			buildActionMask = 2147483647;
			files = (
				B6D47AB41D69CCFC00569472 /* LaunchScreen.storyboard in Resources */,
				B6D47AB11D69CCFC00569472 /* Assets.xcassets in Resources */,
				B6D47AAF1D69CCFC00569472 /* Main.storyboard in Resources */,
			);
			runOnlyForDeploymentPostprocessing = 0;
		};
/* End PBXResourcesBuildPhase section */

/* Begin PBXShellScriptBuildPhase section */
		0CE54D5C7C5FD364477C3CB2 /* Embed Pods Frameworks */ = {
			isa = PBXShellScriptBuildPhase;
			buildActionMask = 2147483647;
			files = (
			);
			inputPaths = (
			);
			name = "Embed Pods Frameworks";
			outputPaths = (
			);
			runOnlyForDeploymentPostprocessing = 0;
			shellPath = /bin/sh;
			shellScript = "\"${SRCROOT}/Pods/Target Support Files/Pods-MantleDemo/Pods-MantleDemo-frameworks.sh\"\n";
			showEnvVarsInLog = 0;
		};
		A087FABA0517142F27BD99B6 /* Check Pods Manifest.lock */ = {
			isa = PBXShellScriptBuildPhase;
			buildActionMask = 2147483647;
			files = (
			);
			inputPaths = (
			);
			name = "Check Pods Manifest.lock";
			outputPaths = (
			);
			runOnlyForDeploymentPostprocessing = 0;
			shellPath = /bin/sh;
			shellScript = "diff \"${PODS_ROOT}/../Podfile.lock\" \"${PODS_ROOT}/Manifest.lock\" > /dev/null\nif [[ $? != 0 ]] ; then\n    cat << EOM\nerror: The sandbox is not in sync with the Podfile.lock. Run 'pod install' or update your CocoaPods installation.\nEOM\n    exit 1\nfi\n";
			showEnvVarsInLog = 0;
		};
		A93493764513A9A936420A90 /* Copy Pods Resources */ = {
			isa = PBXShellScriptBuildPhase;
			buildActionMask = 2147483647;
			files = (
			);
			inputPaths = (
			);
			name = "Copy Pods Resources";
			outputPaths = (
			);
			runOnlyForDeploymentPostprocessing = 0;
			shellPath = /bin/sh;
			shellScript = "\"${SRCROOT}/Pods/Target Support Files/Pods-MantleDemo/Pods-MantleDemo-resources.sh\"\n";
			showEnvVarsInLog = 0;
		};
/* End PBXShellScriptBuildPhase section */

/* Begin PBXSourcesBuildPhase section */
		B6D47A9D1D69CCFC00569472 /* Sources */ = {
			isa = PBXSourcesBuildPhase;
			buildActionMask = 2147483647;
			files = (
				8564967D1DE53D96006A31CE /* Xtrace.mm in Sources */,
				B6D47ABD1D69D26700569472 /* GHIssue.m in Sources */,
				B6D47AAC1D69CCFC00569472 /* ViewController.m in Sources */,
				B6D47AA91D69CCFC00569472 /* AppDelegate.m in Sources */,
				B6D47AA61D69CCFC00569472 /* main.m in Sources */,
				853E408C1D82C13100532F17 /* HBUser.m in Sources */,
				B6D47AC01D69D2DB00569472 /* GHUser.m in Sources */,
			);
			runOnlyForDeploymentPostprocessing = 0;
		};
/* End PBXSourcesBuildPhase section */

/* Begin PBXVariantGroup section */
		B6D47AAD1D69CCFC00569472 /* Main.storyboard */ = {
			isa = PBXVariantGroup;
			children = (
				B6D47AAE1D69CCFC00569472 /* Base */,
			);
			name = Main.storyboard;
			sourceTree = "<group>";
		};
		B6D47AB21D69CCFC00569472 /* LaunchScreen.storyboard */ = {
			isa = PBXVariantGroup;
			children = (
				B6D47AB31D69CCFC00569472 /* Base */,
			);
			name = LaunchScreen.storyboard;
			sourceTree = "<group>";
		};
/* End PBXVariantGroup section */

/* Begin XCBuildConfiguration section */
		B6D47AB61D69CCFC00569472 /* Debug */ = {
			isa = XCBuildConfiguration;
			buildSettings = {
				ALWAYS_SEARCH_USER_PATHS = NO;
				CLANG_CXX_LANGUAGE_STANDARD = "gnu++0x";
				CLANG_CXX_LIBRARY = "libc++";
				CLANG_ENABLE_MODULES = YES;
				CLANG_ENABLE_OBJC_ARC = YES;
				CLANG_WARN_BOOL_CONVERSION = YES;
				CLANG_WARN_CONSTANT_CONVERSION = YES;
				CLANG_WARN_DIRECT_OBJC_ISA_USAGE = YES_ERROR;
				CLANG_WARN_EMPTY_BODY = YES;
				CLANG_WARN_ENUM_CONVERSION = YES;
				CLANG_WARN_INT_CONVERSION = YES;
				CLANG_WARN_OBJC_ROOT_CLASS = YES_ERROR;
				CLANG_WARN_UNREACHABLE_CODE = YES;
				CLANG_WARN__DUPLICATE_METHOD_MATCH = YES;
				"CODE_SIGN_IDENTITY[sdk=iphoneos*]" = "iPhone Developer";
				COPY_PHASE_STRIP = NO;
				DEBUG_INFORMATION_FORMAT = dwarf;
				ENABLE_STRICT_OBJC_MSGSEND = YES;
				ENABLE_TESTABILITY = YES;
				GCC_C_LANGUAGE_STANDARD = gnu99;
				GCC_DYNAMIC_NO_PIC = NO;
				GCC_NO_COMMON_BLOCKS = YES;
				GCC_OPTIMIZATION_LEVEL = 0;
				GCC_PREPROCESSOR_DEFINITIONS = (
					"DEBUG=1",
					"$(inherited)",
				);
				GCC_WARN_64_TO_32_BIT_CONVERSION = YES;
				GCC_WARN_ABOUT_RETURN_TYPE = YES_ERROR;
				GCC_WARN_UNDECLARED_SELECTOR = YES;
				GCC_WARN_UNINITIALIZED_AUTOS = YES_AGGRESSIVE;
				GCC_WARN_UNUSED_FUNCTION = YES;
				GCC_WARN_UNUSED_VARIABLE = YES;
				IPHONEOS_DEPLOYMENT_TARGET = 9.2;
				MTL_ENABLE_DEBUG_INFO = YES;
				ONLY_ACTIVE_ARCH = YES;
				SDKROOT = iphoneos;
			};
			name = Debug;
		};
		B6D47AB71D69CCFC00569472 /* Release */ = {
			isa = XCBuildConfiguration;
			buildSettings = {
				ALWAYS_SEARCH_USER_PATHS = NO;
				CLANG_CXX_LANGUAGE_STANDARD = "gnu++0x";
				CLANG_CXX_LIBRARY = "libc++";
				CLANG_ENABLE_MODULES = YES;
				CLANG_ENABLE_OBJC_ARC = YES;
				CLANG_WARN_BOOL_CONVERSION = YES;
				CLANG_WARN_CONSTANT_CONVERSION = YES;
				CLANG_WARN_DIRECT_OBJC_ISA_USAGE = YES_ERROR;
				CLANG_WARN_EMPTY_BODY = YES;
				CLANG_WARN_ENUM_CONVERSION = YES;
				CLANG_WARN_INT_CONVERSION = YES;
				CLANG_WARN_OBJC_ROOT_CLASS = YES_ERROR;
				CLANG_WARN_UNREACHABLE_CODE = YES;
				CLANG_WARN__DUPLICATE_METHOD_MATCH = YES;
				"CODE_SIGN_IDENTITY[sdk=iphoneos*]" = "iPhone Developer";
				COPY_PHASE_STRIP = NO;
				DEBUG_INFORMATION_FORMAT = "dwarf-with-dsym";
				ENABLE_NS_ASSERTIONS = NO;
				ENABLE_STRICT_OBJC_MSGSEND = YES;
				GCC_C_LANGUAGE_STANDARD = gnu99;
				GCC_NO_COMMON_BLOCKS = YES;
				GCC_WARN_64_TO_32_BIT_CONVERSION = YES;
				GCC_WARN_ABOUT_RETURN_TYPE = YES_ERROR;
				GCC_WARN_UNDECLARED_SELECTOR = YES;
				GCC_WARN_UNINITIALIZED_AUTOS = YES_AGGRESSIVE;
				GCC_WARN_UNUSED_FUNCTION = YES;
				GCC_WARN_UNUSED_VARIABLE = YES;
				IPHONEOS_DEPLOYMENT_TARGET = 9.2;
				MTL_ENABLE_DEBUG_INFO = NO;
				SDKROOT = iphoneos;
				VALIDATE_PRODUCT = YES;
			};
			name = Release;
		};
		B6D47AB91D69CCFC00569472 /* Debug */ = {
			isa = XCBuildConfiguration;
			baseConfigurationReference = 3DBB43B5E2BE9DDC8EDDA8F4 /* Pods-MantleDemo.debug.xcconfig */;
			buildSettings = {
				ASSETCATALOG_COMPILER_APPICON_NAME = AppIcon;
				INFOPLIST_FILE = MantleDemo/Info.plist;
				LD_RUNPATH_SEARCH_PATHS = "$(inherited) @executable_path/Frameworks";
				PRODUCT_BUNDLE_IDENTIFIER = com.jfl.MantleDemo;
				PRODUCT_NAME = "$(TARGET_NAME)";
			};
			name = Debug;
		};
		B6D47ABA1D69CCFC00569472 /* Release */ = {
			isa = XCBuildConfiguration;
			baseConfigurationReference = 894C54ACE07E711A9BF062D4 /* Pods-MantleDemo.release.xcconfig */;
			buildSettings = {
				ASSETCATALOG_COMPILER_APPICON_NAME = AppIcon;
				INFOPLIST_FILE = MantleDemo/Info.plist;
				LD_RUNPATH_SEARCH_PATHS = "$(inherited) @executable_path/Frameworks";
				PRODUCT_BUNDLE_IDENTIFIER = com.jfl.MantleDemo;
				PRODUCT_NAME = "$(TARGET_NAME)";
			};
			name = Release;
		};
/* End XCBuildConfiguration section */

/* Begin XCConfigurationList section */
		B6D47A9C1D69CCFC00569472 /* Build configuration list for PBXProject "MantleDemo" */ = {
			isa = XCConfigurationList;
			buildConfigurations = (
				B6D47AB61D69CCFC00569472 /* Debug */,
				B6D47AB71D69CCFC00569472 /* Release */,
			);
			defaultConfigurationIsVisible = 0;
			defaultConfigurationName = Release;
		};
		B6D47AB81D69CCFC00569472 /* Build configuration list for PBXNativeTarget "MantleDemo" */ = {
			isa = XCConfigurationList;
			buildConfigurations = (
				B6D47AB91D69CCFC00569472 /* Debug */,
				B6D47ABA1D69CCFC00569472 /* Release */,
			);
			defaultConfigurationIsVisible = 0;
			defaultConfigurationName = Release;
		};
/* End XCConfigurationList section */
	};
	rootObject = B6D47A991D69CCFC00569472 /* Project object */;
}
